{
  "requires": true,
  "lockfileVersion": 1,
  "dependencies": {
    "@babel/helper-module-imports": {
      "version": "7.0.0",
      "resolved": "http://registry.npm.taobao.org/@babel/helper-module-imports/download/@babel/helper-module-imports-7.0.0.tgz",
      "integrity": "sha1-lggbcRHkhtpNLNlxrRpP4hbMLj0=",
      "dev": true,
      "requires": {
        "@babel/types": "7.1.3"
      }
    },
    "@babel/runtime": {
      "version": "7.1.2",
      "resolved": "http://registry.npm.taobao.org/@babel/runtime/download/@babel/runtime-7.1.2.tgz",
      "integrity": "sha1-gciZNfRkdwb8VFQRRea07P70uOM=",
      "dev": true,
      "requires": {
        "regenerator-runtime": "0.12.1"
      }
    },
    "@babel/types": {
      "version": "7.1.3",
      "resolved": "http://registry.npm.taobao.org/@babel/types/download/@babel/types-7.1.3.tgz",
      "integrity": "sha1-OnZwBFZwYML0D8pJowRxLFJe430=",
      "dev": true,
      "requires": {
        "esutils": "2.0.2",
        "lodash": "4.17.11",
        "to-fast-properties": "2.0.0"
      }
    },
    "babel-plugin-import": {
      "version": "1.11.0",
      "resolved": "http://registry.npm.taobao.org/babel-plugin-import/download/babel-plugin-import-1.11.0.tgz",
      "integrity": "sha1-eKyQjmsiUga6u3NOGerl941tEDU=",
      "dev": true,
      "requires": {
        "@babel/helper-module-imports": "7.0.0",
        "@babel/runtime": "7.1.2"
      }
    },
    "esutils": {
      "version": "2.0.2",
      "resolved": "http://registry.npm.taobao.org/esutils/download/esutils-2.0.2.tgz",
      "integrity": "sha1-Cr9PHKpbyx96nYrMbepPqqBLrJs=",
      "dev": true
    },
    "lodash": {
      "version": "4.17.11",
      "resolved": "http://registry.npm.taobao.org/lodash/download/lodash-4.17.11.tgz",
      "integrity": "sha1-s56mIp72B+zYniyN8SU2iRysm40=",
      "dev": true
    },
    "regenerator-runtime": {
      "version": "0.12.1",
      "resolved": "http://registry.npm.taobao.org/regenerator-runtime/download/regenerator-runtime-0.12.1.tgz",
      "integrity": "sha1-+hpxVEdkwDb4xJsToIsllMn4oN4=",
      "dev": true
    },
    "to-fast-properties": {
      "version": "2.0.0",
      "resolved": "http://registry.npm.taobao.org/to-fast-properties/download/to-fast-properties-2.0.0.tgz",
      "integrity": "sha1-3F5pjL0HkmW8c+A3doGk5Og/YW4=",
      "dev": true
    }
  }
}
