# THIS IS AN AUTOGENERATED FILE. DO NOT EDIT THIS FILE DIRECTLY.
# yarn lockfile v1


"@babel/runtime@^7.1.2":
  version "7.1.2"
  resolved "http://registry.npm.taobao.org/@babel/runtime/download/@babel/runtime-7.1.2.tgz#81c89935f4647706fc54541145e6b4ecfef4b8e3"
  dependencies:
    regenerator-runtime "^0.12.0"

regenerator-runtime@^0.12.0:
  version "0.12.1"
  resolved "http://registry.npm.taobao.org/regenerator-runtime/download/regenerator-runtime-0.12.1.tgz#fa1a71544764c036f8c49b13a08b2594c9f8a0de"

vant@^1.3.10:
  version "1.3.10"
  resolved "http://registry.npm.taobao.org/vant/download/vant-1.3.10.tgz#9765916673faed35cb0cf7ffda2be633e40c3e2b"
  dependencies:
    "@babel/runtime" "^7.1.2"
    vue-lazyload "1.2.3"

vue-lazyload@1.2.3:
  version "1.2.3"
  resolved "http://registry.npm.taobao.org/vue-lazyload/download/vue-lazyload-1.2.3.tgz#901f9ec15c7e6ca78781a2bae4a343686bdedb2c"
